
Microsoft Visual Studio Solution File, Format Version 12.00
# Visual Studio Version 17
VisualStudioVersion = 17.11.35312.102
MinimumVisualStudioVersion = 10.0.40219.1
Project("{8BC9CEB8-8B4A-11D0-8D11-00A0C91BC942}") = "PGWS4", "PGWS4\PGWS4.vcxproj", "{44C96644-AB31-413F-A570-14FCB48CFF6D}"
EndProject
Global
	GlobalSection(SolutionConfigurationPlatforms) = preSolution
		Debug|x64 = Debug|x64
		Debug|x86 = Debug|x86
		Release|x64 = Release|x64
		Release|x86 = Release|x86
	EndGlobalSection
	GlobalSection(ProjectConfigurationPlatforms) = postSolution
		{44C96644-AB31-413F-A570-14FCB48CFF6D}.Debug|x64.ActiveCfg = Debug|x64
		{44C96644-AB31-413F-A570-14FCB48CFF6D}.Debug|x64.Build.0 = Debug|x64
		{44C96644-AB31-413F-A570-14FCB48CFF6D}.Debug|x86.ActiveCfg = Debug|Win32
		{44C96644-AB31-413F-A570-14FCB48CFF6D}.Debug|x86.Build.0 = Debug|Win32
		{44C96644-AB31-413F-A570-14FCB48CFF6D}.Release|x64.ActiveCfg = Release|x64
		{44C96644-AB31-413F-A570-14FCB48CFF6D}.Release|x64.Build.0 = Release|x64
		{44C96644-AB31-413F-A570-14FCB48CFF6D}.Release|x86.ActiveCfg = Release|Win32
		{44C96644-AB31-413F-A570-14FCB48CFF6D}.Release|x86.Build.0 = Release|Win32
	EndGlobalSection
	GlobalSection(SolutionProperties) = preSolution
		HideSolutionNode = FALSE
	EndGlobalSection
	GlobalSection(ExtensibilityGlobals) = postSolution
		SolutionGuid = {62D621D1-3ADE-4DC2-802F-E8AAAE5A2402}
	EndGlobalSection
EndGlobal
