
Microsoft Visual Studio Solution File, Format Version 12.00
# Visual Studio Version 17
VisualStudioVersion = 17.11.35312.102
MinimumVisualStudioVersion = 10.0.40219.1
Project("{8BC9CEB8-8B4A-11D0-8D11-00A0C91BC942}") = "PGWS_DirectX12", "PGWS_DirectX12\PGWS_DirectX12.vcxproj", "{AF03A9CF-0E2B-4E34-A5E4-2766F37A6CAE}"
EndProject
Global
	GlobalSection(SolutionConfigurationPlatforms) = preSolution
		Debug|x64 = Debug|x64
		Debug|x86 = Debug|x86
		Release|x64 = Release|x64
		Release|x86 = Release|x86
	EndGlobalSection
	GlobalSection(ProjectConfigurationPlatforms) = postSolution
		{AF03A9CF-0E2B-4E34-A5E4-2766F37A6CAE}.Debug|x64.ActiveCfg = Debug|x64
		{AF03A9CF-0E2B-4E34-A5E4-2766F37A6CAE}.Debug|x64.Build.0 = Debug|x64
		{AF03A9CF-0E2B-4E34-A5E4-2766F37A6CAE}.Debug|x86.ActiveCfg = Debug|Win32
		{AF03A9CF-0E2B-4E34-A5E4-2766F37A6CAE}.Debug|x86.Build.0 = Debug|Win32
		{AF03A9CF-0E2B-4E34-A5E4-2766F37A6CAE}.Release|x64.ActiveCfg = Release|x64
		{AF03A9CF-0E2B-4E34-A5E4-2766F37A6CAE}.Release|x64.Build.0 = Release|x64
		{AF03A9CF-0E2B-4E34-A5E4-2766F37A6CAE}.Release|x86.ActiveCfg = Release|Win32
		{AF03A9CF-0E2B-4E34-A5E4-2766F37A6CAE}.Release|x86.Build.0 = Release|Win32
	EndGlobalSection
	GlobalSection(SolutionProperties) = preSolution
		HideSolutionNode = FALSE
	EndGlobalSection
	GlobalSection(ExtensibilityGlobals) = postSolution
		SolutionGuid = {9B95453C-03F4-4844-82B9-F809BDEE9342}
	EndGlobalSection
EndGlobal
